
Microsoft Visual Studio Solution File, Format Version 12.00
# Visual Studio Version 16
VisualStudioVersion = 16.0.30611.23
MinimumVisualStudioVersion = 10.0.40219.1
Project("{FAE04EC0-301F-11D3-BF4B-00C04F79EFBC}") = "ForumService", "ForumService\ForumService.csproj", "{692CA7D0-72FE-482B-9F3F-26B3D7623DAF}"
EndProject
Global
	GlobalSection(SolutionConfigurationPlatforms) = preSolution
		Debug|Any CPU = Debug|Any CPU
		Release|Any CPU = Release|Any CPU
	EndGlobalSection
	GlobalSection(ProjectConfigurationPlatforms) = postSolution
		{692CA7D0-72FE-482B-9F3F-26B3D7623DAF}.Debug|Any CPU.ActiveCfg = Debug|Any CPU
		{692CA7D0-72FE-482B-9F3F-26B3D7623DAF}.Debug|Any CPU.Build.0 = Debug|Any CPU
		{692CA7D0-72FE-482B-9F3F-26B3D7623DAF}.Release|Any CPU.ActiveCfg = Release|Any CPU
		{692CA7D0-72FE-482B-9F3F-26B3D7623DAF}.Release|Any CPU.Build.0 = Release|Any CPU
	EndGlobalSection
	GlobalSection(SolutionProperties) = preSolution
		HideSolutionNode = FALSE
	EndGlobalSection
	GlobalSection(ExtensibilityGlobals) = postSolution
		SolutionGuid = {7CB929AF-0184-46E6-9D17-D630C81C0778}
	EndGlobalSection
EndGlobal
