
Microsoft Visual Studio Solution File, Format Version 12.00
# Visual Studio Version 16
VisualStudioVersion = 16.0.31729.503
MinimumVisualStudioVersion = 10.0.40219.1
Project("{FAE04EC0-301F-11D3-BF4B-00C04F79EFBC}") = "ProductsAndServicesMicroservice", "ProductsAndServicesMicroservice\ProductsAndServicesMicroservice.csproj", "{DB3C58C7-C263-4C5C-A00C-29373C88D260}"
EndProject
Global
	GlobalSection(SolutionConfigurationPlatforms) = preSolution
		Debug|Any CPU = Debug|Any CPU
		Release|Any CPU = Release|Any CPU
	EndGlobalSection
	GlobalSection(ProjectConfigurationPlatforms) = postSolution
		{DB3C58C7-C263-4C5C-A00C-29373C88D260}.Debug|Any CPU.ActiveCfg = Debug|Any CPU
		{DB3C58C7-C263-4C5C-A00C-29373C88D260}.Debug|Any CPU.Build.0 = Debug|Any CPU
		{DB3C58C7-C263-4C5C-A00C-29373C88D260}.Release|Any CPU.ActiveCfg = Release|Any CPU
		{DB3C58C7-C263-4C5C-A00C-29373C88D260}.Release|Any CPU.Build.0 = Release|Any CPU
	EndGlobalSection
	GlobalSection(SolutionProperties) = preSolution
		HideSolutionNode = FALSE
	EndGlobalSection
	GlobalSection(ExtensibilityGlobals) = postSolution
		SolutionGuid = {8C92E6E1-F4CB-4C46-938B-CBCF42303AC5}
	EndGlobalSection
EndGlobal
