
Microsoft Visual Studio Solution File, Format Version 12.00
# Visual Studio Version 16
VisualStudioVersion = 16.0.31624.102
MinimumVisualStudioVersion = 10.0.40219.1
Project("{FAE04EC0-301F-11D3-BF4B-00C04F79EFBC}") = "IsporukaService", "IsporukaService\IsporukaService.csproj", "{D4F0D2CE-C9C4-491C-BF28-1AE96E39FF46}"
EndProject
Global
	GlobalSection(SolutionConfigurationPlatforms) = preSolution
		Debug|Any CPU = Debug|Any CPU
		Release|Any CPU = Release|Any CPU
	EndGlobalSection
	GlobalSection(ProjectConfigurationPlatforms) = postSolution
		{D4F0D2CE-C9C4-491C-BF28-1AE96E39FF46}.Debug|Any CPU.ActiveCfg = Debug|Any CPU
		{D4F0D2CE-C9C4-491C-BF28-1AE96E39FF46}.Debug|Any CPU.Build.0 = Debug|Any CPU
		{D4F0D2CE-C9C4-491C-BF28-1AE96E39FF46}.Release|Any CPU.ActiveCfg = Release|Any CPU
		{D4F0D2CE-C9C4-491C-BF28-1AE96E39FF46}.Release|Any CPU.Build.0 = Release|Any CPU
	EndGlobalSection
	GlobalSection(SolutionProperties) = preSolution
		HideSolutionNode = FALSE
	EndGlobalSection
	GlobalSection(ExtensibilityGlobals) = postSolution
		SolutionGuid = {A1435345-6231-41E3-82C2-7C150BC2F6D1}
	EndGlobalSection
EndGlobal
